<?xml version="1.0" encoding="UTF-8" standalone="yes" ?>
<CodeBlocks_project_file>
	<FileVersion major="1" minor="6" />
	<Project>
		<Option title="Transmission Library" />
		<Option pch_mode="2" />
		<Option compiler="gcc" />
		<Build>
			<Target title="Debug">
				<Option output="../bin/ElTransmissionD" prefix_auto="1" extension_auto="1" />
				<Option working_dir="" />
				<Option object_output="../obj/Debug/" />
				<Option type="2" />
				<Option compiler="gcc" />
				<Option createDefFile="1" />
				<Compiler>
					<Add option="-g" />
				</Compiler>
			</Target>
			<Target title="Release">
				<Option output="../bin/ElTransmission" prefix_auto="1" extension_auto="1" />
				<Option working_dir="" />
				<Option object_output="../obj/Release/" />
				<Option type="2" />
				<Option compiler="gcc" />
				<Option createDefFile="1" />
				<Compiler>
					<Add option="-O2" />
				</Compiler>
				<Linker>
					<Add option="-s" />
				</Linker>
			</Target>
		</Build>
		<Compiler>
			<Add option="-std=c++11" />
			<Add option="-Wall" />
			<Add option="-DNO_TRACELOG" />
			<Add directory="../../elApp/src" />
			<Add directory="../include" />
			<Add directory="../src" />
		</Compiler>
		<Unit filename="../include/elDataTypes.h" />
		<Unit filename="../include/elStateReceiver.h" />
		<Unit filename="../include/elStateSender.h" />
		<Unit filename="../src/InetAddr.h" />
		<Unit filename="../src/UDPManager.cpp" />
		<Unit filename="../src/UDPManager.h" />
		<Unit filename="../src/elStateReceiver.cpp" />
		<Unit filename="../src/elStateSender.cpp" />
		<Extensions>
			<code_completion />
			<envvars />
			<lib_finder disable_auto="1" />
			<debugger />
		</Extensions>
	</Project>
</CodeBlocks_project_file>
